GEM
  remote: https://rubygems.org/
  specs:
    curb (0.9.3)
    inifile (2.0.2)
    json (2.0.2)
    kgio (2.10.0)
    mysql2 (0.4.4)
    nokogiri (1.5.6)
    rack (1.6.4)
    rainbows (5.0.0)
      kgio (~> 2.5)
      rack (~> 1.1)
      unicorn (~> 5.0)
    raindrops (0.17.0)
    redis (3.3.1)
    unicorn (5.1.0)
      kgio (~> 2.6)
      raindrops (~> 0.7)

PLATFORMS
  ruby

DEPENDENCIES
  curb
  inifile (~> 2.0.2)
  json
  mysql2
  nokogiri (= 1.5.6)
  rack
  rainbows
  redis

BUNDLED WITH
   1.13.2
